
Microsoft Visual Studio Solution File, Format Version 12.00
# Visual Studio Version 17
VisualStudioVersion = 17.8.34525.116
MinimumVisualStudioVersion = 10.0.40219.1
Project("{FAE04EC0-301F-11D3-BF4B-00C04F79EFBC}") = "MauiMeTeRaApp", "MauiMeTeRaApp\MauiMeTeRaApp.csproj", "{2A44032C-9C97-421D-9F20-926AF4A01ACD}"
EndProject
Global
	GlobalSection(SolutionConfigurationPlatforms) = preSolution
		Debug|Any CPU = Debug|Any CPU
		Release|Any CPU = Release|Any CPU
	EndGlobalSection
	GlobalSection(ProjectConfigurationPlatforms) = postSolution
		{2A44032C-9C97-421D-9F20-926AF4A01ACD}.Debug|Any CPU.ActiveCfg = Debug|Any CPU
		{2A44032C-9C97-421D-9F20-926AF4A01ACD}.Debug|Any CPU.Build.0 = Debug|Any CPU
		{2A44032C-9C97-421D-9F20-926AF4A01ACD}.Release|Any CPU.ActiveCfg = Release|Any CPU
		{2A44032C-9C97-421D-9F20-926AF4A01ACD}.Release|Any CPU.Build.0 = Release|Any CPU
	EndGlobalSection
	GlobalSection(SolutionProperties) = preSolution
		HideSolutionNode = FALSE
	EndGlobalSection
	GlobalSection(ExtensibilityGlobals) = postSolution
		SolutionGuid = {48E0B8D5-7489-429E-BCA4-8BA5FBD3C224}
	EndGlobalSection
EndGlobal
